
Microsoft Visual Studio Solution File, Format Version 12.00
Project("{FAE04EC0-301F-11D3-BF4B-00C04F79EFBC}") = "TextPreprocessor", "TextPreprocessor\TextPreprocessor.csproj", "{56EC4411-A138-4482-ADA5-3B679FE1020B}"
EndProject
Global
	GlobalSection(SolutionConfigurationPlatforms) = preSolution
		Debug|Any CPU = Debug|Any CPU
		Release|Any CPU = Release|Any CPU
	EndGlobalSection
	GlobalSection(ProjectConfigurationPlatforms) = postSolution
		{56EC4411-A138-4482-ADA5-3B679FE1020B}.Debug|Any CPU.ActiveCfg = Debug|Any CPU
		{56EC4411-A138-4482-ADA5-3B679FE1020B}.Debug|Any CPU.Build.0 = Debug|Any CPU
		{56EC4411-A138-4482-ADA5-3B679FE1020B}.Release|Any CPU.ActiveCfg = Release|Any CPU
		{56EC4411-A138-4482-ADA5-3B679FE1020B}.Release|Any CPU.Build.0 = Release|Any CPU
	EndGlobalSection
EndGlobal
